github.com/emicklei/dot v1.6.2 h1:08GN+DD79cy/tzN6uLCT84+2Wk9u+wvqP+Hkx/dIR8A=
github.com/emicklei/dot v1.6.2/go.mod h1:DeV7GvQtIw4h2u73RKBkkFdvVAz0D9fzeJrgPW6gy/s=
github.com/emicklei/htmlslog v0.5.2 h1:GpUKu4SP9nCQrzKXaDKESfnZicB/c5ZaVSfMh8c30mI=
github.com/emicklei/htmlslog v0.5.2/go.mod h1:beYGBrAQ3Z/XHm8ARi1OOaDF3q93E3e4g7DRTbX9Aek=
